
Microsoft Visual Studio Solution File, Format Version 12.00
# Visual Studio Version 17
VisualStudioVersion = 17.7.34031.279
MinimumVisualStudioVersion = 10.0.40219.1
Project("{8BC9CEB8-8B4A-11D0-8D11-00A0C91BC942}") = "iterator_traits", "Project1\Project1.vcxproj", "{8555F343-9F3B-4CD0-9799-7E44AEB01070}"
EndProject
Project("{8BC9CEB8-8B4A-11D0-8D11-00A0C91BC942}") = "4.2vector", "sequence containers\sequence containers.vcxproj", "{3841CA1E-A221-459B-96A7-985E0FCAE5E4}"
EndProject
Project("{8BC9CEB8-8B4A-11D0-8D11-00A0C91BC942}") = "4.3 list", "4.3 list\4.3 list.vcxproj", "{E004C0EC-629C-4198-AA0E-6B520BD4FB37}"
EndProject
Project("{8BC9CEB8-8B4A-11D0-8D11-00A0C91BC942}") = "deque", "deque\deque.vcxproj", "{AF773F39-5707-4F73-A080-3E859D79CEB0}"
EndProject
Project("{8BC9CEB8-8B4A-11D0-8D11-00A0C91BC942}") = "stack", "stack\stack.vcxproj", "{1B5E43AA-416E-493B-AA3B-566B10B7DB30}"
EndProject
Project("{8BC9CEB8-8B4A-11D0-8D11-00A0C91BC942}") = "queue", "queue\queue.vcxproj", "{F89C0686-A839-414A-8333-2043700ECCF3}"
EndProject
Project("{8BC9CEB8-8B4A-11D0-8D11-00A0C91BC942}") = "push_heap", "push_heap\push_heap.vcxproj", "{CD20EE26-B2EC-47CA-9AC8-05ECE6BBC113}"
EndProject
Project("{8BC9CEB8-8B4A-11D0-8D11-00A0C91BC942}") = "priority_queue", "priority_queue\priority_queue.vcxproj", "{D2BEC0A5-6753-4EC0-A714-749BDF869F6D}"
EndProject
Project("{8BC9CEB8-8B4A-11D0-8D11-00A0C91BC942}") = "slist", "slist\slist.vcxproj", "{A6A7B444-1CE4-4742-9381-4E2F2F65D7A2}"
EndProject
Project("{2150E333-8FDC-42A3-9474-1A3956D46DE8}") = "Solution Items", "Solution Items", "{094CB168-2FC7-4545-8C97-1604A6257427}"
EndProject
Project("{8BC9CEB8-8B4A-11D0-8D11-00A0C91BC942}") = "MY_RB_Tree", "MY_RB_Tree\MY_RB_Tree.vcxproj", "{44947AC6-038C-4CD6-B3EF-862A21A2C9C0}"
EndProject
Project("{8BC9CEB8-8B4A-11D0-8D11-00A0C91BC942}") = "set", "set\set.vcxproj", "{DB512FD7-B96B-42F3-91C8-D2258EFB5A82}"
EndProject
Project("{8BC9CEB8-8B4A-11D0-8D11-00A0C91BC942}") = "map", "map\map.vcxproj", "{C5D87BF5-BD03-4D43-AC44-1FEE1C614A63}"
EndProject
Project("{8BC9CEB8-8B4A-11D0-8D11-00A0C91BC942}") = "multiset", "multiset\multiset.vcxproj", "{295DF288-8073-4DBB-8116-E9A6F2ACC4DC}"
EndProject
Project("{8BC9CEB8-8B4A-11D0-8D11-00A0C91BC942}") = "multimap", "multimap\multimap.vcxproj", "{E83B7A74-4DB7-4B3F-96B1-B13BC519E194}"
EndProject
Project("{8BC9CEB8-8B4A-11D0-8D11-00A0C91BC942}") = "hash_set", "hash_set\hash_set.vcxproj", "{69A42B99-A454-4A99-B296-1AA43E4DED33}"
EndProject
Project("{8BC9CEB8-8B4A-11D0-8D11-00A0C91BC942}") = "algorithm", "algorithm\algorithm.vcxproj", "{96460719-F141-4ABC-92EB-C303B99F6923}"
EndProject
Project("{8BC9CEB8-8B4A-11D0-8D11-00A0C91BC942}") = "functionObjects_or_functors", "functionObjects_or_functors\functionObjects_or_functors.vcxproj", "{F75600F4-6C42-497E-A67C-15FF65F16854}"
EndProject
Project("{8BC9CEB8-8B4A-11D0-8D11-00A0C91BC942}") = "adapters", "adapters\adapters.vcxproj", "{22C7DAF6-DA9F-41F6-B243-4069F2E24D15}"
EndProject
Project("{8BC9CEB8-8B4A-11D0-8D11-00A0C91BC942}") = "hashtable", "hashtable\hashtable.vcxproj", "{5504602A-B735-4863-A846-DFB3FC9F5D9D}"
EndProject
Global
	GlobalSection(SolutionConfigurationPlatforms) = preSolution
		Debug|x64 = Debug|x64
		Debug|x86 = Debug|x86
		Release|x64 = Release|x64
		Release|x86 = Release|x86
	EndGlobalSection
	GlobalSection(ProjectConfigurationPlatforms) = postSolution
		{8555F343-9F3B-4CD0-9799-7E44AEB01070}.Debug|x64.ActiveCfg = Debug|x64
		{8555F343-9F3B-4CD0-9799-7E44AEB01070}.Debug|x64.Build.0 = Debug|x64
		{8555F343-9F3B-4CD0-9799-7E44AEB01070}.Debug|x86.ActiveCfg = Debug|Win32
		{8555F343-9F3B-4CD0-9799-7E44AEB01070}.Debug|x86.Build.0 = Debug|Win32
		{8555F343-9F3B-4CD0-9799-7E44AEB01070}.Release|x64.ActiveCfg = Release|x64
		{8555F343-9F3B-4CD0-9799-7E44AEB01070}.Release|x64.Build.0 = Release|x64
		{8555F343-9F3B-4CD0-9799-7E44AEB01070}.Release|x86.ActiveCfg = Release|Win32
		{8555F343-9F3B-4CD0-9799-7E44AEB01070}.Release|x86.Build.0 = Release|Win32
		{3841CA1E-A221-459B-96A7-985E0FCAE5E4}.Debug|x64.ActiveCfg = Debug|x64
		{3841CA1E-A221-459B-96A7-985E0FCAE5E4}.Debug|x64.Build.0 = Debug|x64
		{3841CA1E-A221-459B-96A7-985E0FCAE5E4}.Debug|x86.ActiveCfg = Debug|Win32
		{3841CA1E-A221-459B-96A7-985E0FCAE5E4}.Debug|x86.Build.0 = Debug|Win32
		{3841CA1E-A221-459B-96A7-985E0FCAE5E4}.Release|x64.ActiveCfg = Release|x64
		{3841CA1E-A221-459B-96A7-985E0FCAE5E4}.Release|x64.Build.0 = Release|x64
		{3841CA1E-A221-459B-96A7-985E0FCAE5E4}.Release|x86.ActiveCfg = Release|Win32
		{3841CA1E-A221-459B-96A7-985E0FCAE5E4}.Release|x86.Build.0 = Release|Win32
		{E004C0EC-629C-4198-AA0E-6B520BD4FB37}.Debug|x64.ActiveCfg = Debug|x64
		{E004C0EC-629C-4198-AA0E-6B520BD4FB37}.Debug|x64.Build.0 = Debug|x64
		{E004C0EC-629C-4198-AA0E-6B520BD4FB37}.Debug|x86.ActiveCfg = Debug|Win32
		{E004C0EC-629C-4198-AA0E-6B520BD4FB37}.Debug|x86.Build.0 = Debug|Win32
		{E004C0EC-629C-4198-AA0E-6B520BD4FB37}.Release|x64.ActiveCfg = Release|x64
		{E004C0EC-629C-4198-AA0E-6B520BD4FB37}.Release|x64.Build.0 = Release|x64
		{E004C0EC-629C-4198-AA0E-6B520BD4FB37}.Release|x86.ActiveCfg = Release|Win32
		{E004C0EC-629C-4198-AA0E-6B520BD4FB37}.Release|x86.Build.0 = Release|Win32
		{AF773F39-5707-4F73-A080-3E859D79CEB0}.Debug|x64.ActiveCfg = Debug|x64
		{AF773F39-5707-4F73-A080-3E859D79CEB0}.Debug|x64.Build.0 = Debug|x64
		{AF773F39-5707-4F73-A080-3E859D79CEB0}.Debug|x86.ActiveCfg = Debug|Win32
		{AF773F39-5707-4F73-A080-3E859D79CEB0}.Debug|x86.Build.0 = Debug|Win32
		{AF773F39-5707-4F73-A080-3E859D79CEB0}.Release|x64.ActiveCfg = Release|x64
		{AF773F39-5707-4F73-A080-3E859D79CEB0}.Release|x64.Build.0 = Release|x64
		{AF773F39-5707-4F73-A080-3E859D79CEB0}.Release|x86.ActiveCfg = Release|Win32
		{AF773F39-5707-4F73-A080-3E859D79CEB0}.Release|x86.Build.0 = Release|Win32
		{1B5E43AA-416E-493B-AA3B-566B10B7DB30}.Debug|x64.ActiveCfg = Debug|x64
		{1B5E43AA-416E-493B-AA3B-566B10B7DB30}.Debug|x64.Build.0 = Debug|x64
		{1B5E43AA-416E-493B-AA3B-566B10B7DB30}.Debug|x86.ActiveCfg = Debug|Win32
		{1B5E43AA-416E-493B-AA3B-566B10B7DB30}.Debug|x86.Build.0 = Debug|Win32
		{1B5E43AA-416E-493B-AA3B-566B10B7DB30}.Release|x64.ActiveCfg = Release|x64
		{1B5E43AA-416E-493B-AA3B-566B10B7DB30}.Release|x64.Build.0 = Release|x64
		{1B5E43AA-416E-493B-AA3B-566B10B7DB30}.Release|x86.ActiveCfg = Release|Win32
		{1B5E43AA-416E-493B-AA3B-566B10B7DB30}.Release|x86.Build.0 = Release|Win32
		{F89C0686-A839-414A-8333-2043700ECCF3}.Debug|x64.ActiveCfg = Debug|x64
		{F89C0686-A839-414A-8333-2043700ECCF3}.Debug|x64.Build.0 = Debug|x64
		{F89C0686-A839-414A-8333-2043700ECCF3}.Debug|x86.ActiveCfg = Debug|Win32
		{F89C0686-A839-414A-8333-2043700ECCF3}.Debug|x86.Build.0 = Debug|Win32
		{F89C0686-A839-414A-8333-2043700ECCF3}.Release|x64.ActiveCfg = Release|x64
		{F89C0686-A839-414A-8333-2043700ECCF3}.Release|x64.Build.0 = Release|x64
		{F89C0686-A839-414A-8333-2043700ECCF3}.Release|x86.ActiveCfg = Release|Win32
		{F89C0686-A839-414A-8333-2043700ECCF3}.Release|x86.Build.0 = Release|Win32
		{CD20EE26-B2EC-47CA-9AC8-05ECE6BBC113}.Debug|x64.ActiveCfg = Debug|x64
		{CD20EE26-B2EC-47CA-9AC8-05ECE6BBC113}.Debug|x64.Build.0 = Debug|x64
		{CD20EE26-B2EC-47CA-9AC8-05ECE6BBC113}.Debug|x86.ActiveCfg = Debug|Win32
		{CD20EE26-B2EC-47CA-9AC8-05ECE6BBC113}.Debug|x86.Build.0 = Debug|Win32
		{CD20EE26-B2EC-47CA-9AC8-05ECE6BBC113}.Release|x64.ActiveCfg = Release|x64
		{CD20EE26-B2EC-47CA-9AC8-05ECE6BBC113}.Release|x64.Build.0 = Release|x64
		{CD20EE26-B2EC-47CA-9AC8-05ECE6BBC113}.Release|x86.ActiveCfg = Release|Win32
		{CD20EE26-B2EC-47CA-9AC8-05ECE6BBC113}.Release|x86.Build.0 = Release|Win32
		{D2BEC0A5-6753-4EC0-A714-749BDF869F6D}.Debug|x64.ActiveCfg = Debug|x64
		{D2BEC0A5-6753-4EC0-A714-749BDF869F6D}.Debug|x64.Build.0 = Debug|x64
		{D2BEC0A5-6753-4EC0-A714-749BDF869F6D}.Debug|x86.ActiveCfg = Debug|Win32
		{D2BEC0A5-6753-4EC0-A714-749BDF869F6D}.Debug|x86.Build.0 = Debug|Win32
		{D2BEC0A5-6753-4EC0-A714-749BDF869F6D}.Release|x64.ActiveCfg = Release|x64
		{D2BEC0A5-6753-4EC0-A714-749BDF869F6D}.Release|x64.Build.0 = Release|x64
		{D2BEC0A5-6753-4EC0-A714-749BDF869F6D}.Release|x86.ActiveCfg = Release|Win32
		{D2BEC0A5-6753-4EC0-A714-749BDF869F6D}.Release|x86.Build.0 = Release|Win32
		{A6A7B444-1CE4-4742-9381-4E2F2F65D7A2}.Debug|x64.ActiveCfg = Debug|x64
		{A6A7B444-1CE4-4742-9381-4E2F2F65D7A2}.Debug|x64.Build.0 = Debug|x64
		{A6A7B444-1CE4-4742-9381-4E2F2F65D7A2}.Debug|x86.ActiveCfg = Debug|Win32
		{A6A7B444-1CE4-4742-9381-4E2F2F65D7A2}.Debug|x86.Build.0 = Debug|Win32
		{A6A7B444-1CE4-4742-9381-4E2F2F65D7A2}.Release|x64.ActiveCfg = Release|x64
		{A6A7B444-1CE4-4742-9381-4E2F2F65D7A2}.Release|x64.Build.0 = Release|x64
		{A6A7B444-1CE4-4742-9381-4E2F2F65D7A2}.Release|x86.ActiveCfg = Release|Win32
		{A6A7B444-1CE4-4742-9381-4E2F2F65D7A2}.Release|x86.Build.0 = Release|Win32
		{44947AC6-038C-4CD6-B3EF-862A21A2C9C0}.Debug|x64.ActiveCfg = Debug|x64
		{44947AC6-038C-4CD6-B3EF-862A21A2C9C0}.Debug|x64.Build.0 = Debug|x64
		{44947AC6-038C-4CD6-B3EF-862A21A2C9C0}.Debug|x86.ActiveCfg = Debug|Win32
		{44947AC6-038C-4CD6-B3EF-862A21A2C9C0}.Debug|x86.Build.0 = Debug|Win32
		{44947AC6-038C-4CD6-B3EF-862A21A2C9C0}.Release|x64.ActiveCfg = Release|x64
		{44947AC6-038C-4CD6-B3EF-862A21A2C9C0}.Release|x64.Build.0 = Release|x64
		{44947AC6-038C-4CD6-B3EF-862A21A2C9C0}.Release|x86.ActiveCfg = Release|Win32
		{44947AC6-038C-4CD6-B3EF-862A21A2C9C0}.Release|x86.Build.0 = Release|Win32
		{DB512FD7-B96B-42F3-91C8-D2258EFB5A82}.Debug|x64.ActiveCfg = Debug|x64
		{DB512FD7-B96B-42F3-91C8-D2258EFB5A82}.Debug|x64.Build.0 = Debug|x64
		{DB512FD7-B96B-42F3-91C8-D2258EFB5A82}.Debug|x86.ActiveCfg = Debug|Win32
		{DB512FD7-B96B-42F3-91C8-D2258EFB5A82}.Debug|x86.Build.0 = Debug|Win32
		{DB512FD7-B96B-42F3-91C8-D2258EFB5A82}.Release|x64.ActiveCfg = Release|x64
		{DB512FD7-B96B-42F3-91C8-D2258EFB5A82}.Release|x64.Build.0 = Release|x64
		{DB512FD7-B96B-42F3-91C8-D2258EFB5A82}.Release|x86.ActiveCfg = Release|Win32
		{DB512FD7-B96B-42F3-91C8-D2258EFB5A82}.Release|x86.Build.0 = Release|Win32
		{C5D87BF5-BD03-4D43-AC44-1FEE1C614A63}.Debug|x64.ActiveCfg = Debug|x64
		{C5D87BF5-BD03-4D43-AC44-1FEE1C614A63}.Debug|x64.Build.0 = Debug|x64
		{C5D87BF5-BD03-4D43-AC44-1FEE1C614A63}.Debug|x86.ActiveCfg = Debug|Win32
		{C5D87BF5-BD03-4D43-AC44-1FEE1C614A63}.Debug|x86.Build.0 = Debug|Win32
		{C5D87BF5-BD03-4D43-AC44-1FEE1C614A63}.Release|x64.ActiveCfg = Release|x64
		{C5D87BF5-BD03-4D43-AC44-1FEE1C614A63}.Release|x64.Build.0 = Release|x64
		{C5D87BF5-BD03-4D43-AC44-1FEE1C614A63}.Release|x86.ActiveCfg = Release|Win32
		{C5D87BF5-BD03-4D43-AC44-1FEE1C614A63}.Release|x86.Build.0 = Release|Win32
		{295DF288-8073-4DBB-8116-E9A6F2ACC4DC}.Debug|x64.ActiveCfg = Debug|x64
		{295DF288-8073-4DBB-8116-E9A6F2ACC4DC}.Debug|x64.Build.0 = Debug|x64
		{295DF288-8073-4DBB-8116-E9A6F2ACC4DC}.Debug|x86.ActiveCfg = Debug|Win32
		{295DF288-8073-4DBB-8116-E9A6F2ACC4DC}.Debug|x86.Build.0 = Debug|Win32
		{295DF288-8073-4DBB-8116-E9A6F2ACC4DC}.Release|x64.ActiveCfg = Release|x64
		{295DF288-8073-4DBB-8116-E9A6F2ACC4DC}.Release|x64.Build.0 = Release|x64
		{295DF288-8073-4DBB-8116-E9A6F2ACC4DC}.Release|x86.ActiveCfg = Release|Win32
		{295DF288-8073-4DBB-8116-E9A6F2ACC4DC}.Release|x86.Build.0 = Release|Win32
		{E83B7A74-4DB7-4B3F-96B1-B13BC519E194}.Debug|x64.ActiveCfg = Debug|x64
		{E83B7A74-4DB7-4B3F-96B1-B13BC519E194}.Debug|x64.Build.0 = Debug|x64
		{E83B7A74-4DB7-4B3F-96B1-B13BC519E194}.Debug|x86.ActiveCfg = Debug|Win32
		{E83B7A74-4DB7-4B3F-96B1-B13BC519E194}.Debug|x86.Build.0 = Debug|Win32
		{E83B7A74-4DB7-4B3F-96B1-B13BC519E194}.Release|x64.ActiveCfg = Release|x64
		{E83B7A74-4DB7-4B3F-96B1-B13BC519E194}.Release|x64.Build.0 = Release|x64
		{E83B7A74-4DB7-4B3F-96B1-B13BC519E194}.Release|x86.ActiveCfg = Release|Win32
		{E83B7A74-4DB7-4B3F-96B1-B13BC519E194}.Release|x86.Build.0 = Release|Win32
		{69A42B99-A454-4A99-B296-1AA43E4DED33}.Debug|x64.ActiveCfg = Debug|x64
		{69A42B99-A454-4A99-B296-1AA43E4DED33}.Debug|x64.Build.0 = Debug|x64
		{69A42B99-A454-4A99-B296-1AA43E4DED33}.Debug|x86.ActiveCfg = Debug|Win32
		{69A42B99-A454-4A99-B296-1AA43E4DED33}.Debug|x86.Build.0 = Debug|Win32
		{69A42B99-A454-4A99-B296-1AA43E4DED33}.Release|x64.ActiveCfg = Release|x64
		{69A42B99-A454-4A99-B296-1AA43E4DED33}.Release|x64.Build.0 = Release|x64
		{69A42B99-A454-4A99-B296-1AA43E4DED33}.Release|x86.ActiveCfg = Release|Win32
		{69A42B99-A454-4A99-B296-1AA43E4DED33}.Release|x86.Build.0 = Release|Win32
		{96460719-F141-4ABC-92EB-C303B99F6923}.Debug|x64.ActiveCfg = Debug|x64
		{96460719-F141-4ABC-92EB-C303B99F6923}.Debug|x64.Build.0 = Debug|x64
		{96460719-F141-4ABC-92EB-C303B99F6923}.Debug|x86.ActiveCfg = Debug|Win32
		{96460719-F141-4ABC-92EB-C303B99F6923}.Debug|x86.Build.0 = Debug|Win32
		{96460719-F141-4ABC-92EB-C303B99F6923}.Release|x64.ActiveCfg = Release|x64
		{96460719-F141-4ABC-92EB-C303B99F6923}.Release|x64.Build.0 = Release|x64
		{96460719-F141-4ABC-92EB-C303B99F6923}.Release|x86.ActiveCfg = Release|Win32
		{96460719-F141-4ABC-92EB-C303B99F6923}.Release|x86.Build.0 = Release|Win32
		{F75600F4-6C42-497E-A67C-15FF65F16854}.Debug|x64.ActiveCfg = Debug|x64
		{F75600F4-6C42-497E-A67C-15FF65F16854}.Debug|x64.Build.0 = Debug|x64
		{F75600F4-6C42-497E-A67C-15FF65F16854}.Debug|x86.ActiveCfg = Debug|Win32
		{F75600F4-6C42-497E-A67C-15FF65F16854}.Debug|x86.Build.0 = Debug|Win32
		{F75600F4-6C42-497E-A67C-15FF65F16854}.Release|x64.ActiveCfg = Release|x64
		{F75600F4-6C42-497E-A67C-15FF65F16854}.Release|x64.Build.0 = Release|x64
		{F75600F4-6C42-497E-A67C-15FF65F16854}.Release|x86.ActiveCfg = Release|Win32
		{F75600F4-6C42-497E-A67C-15FF65F16854}.Release|x86.Build.0 = Release|Win32
		{22C7DAF6-DA9F-41F6-B243-4069F2E24D15}.Debug|x64.ActiveCfg = Debug|x64
		{22C7DAF6-DA9F-41F6-B243-4069F2E24D15}.Debug|x64.Build.0 = Debug|x64
		{22C7DAF6-DA9F-41F6-B243-4069F2E24D15}.Debug|x86.ActiveCfg = Debug|Win32
		{22C7DAF6-DA9F-41F6-B243-4069F2E24D15}.Debug|x86.Build.0 = Debug|Win32
		{22C7DAF6-DA9F-41F6-B243-4069F2E24D15}.Release|x64.ActiveCfg = Release|x64
		{22C7DAF6-DA9F-41F6-B243-4069F2E24D15}.Release|x64.Build.0 = Release|x64
		{22C7DAF6-DA9F-41F6-B243-4069F2E24D15}.Release|x86.ActiveCfg = Release|Win32
		{22C7DAF6-DA9F-41F6-B243-4069F2E24D15}.Release|x86.Build.0 = Release|Win32
		{5504602A-B735-4863-A846-DFB3FC9F5D9D}.Debug|x64.ActiveCfg = Debug|x64
		{5504602A-B735-4863-A846-DFB3FC9F5D9D}.Debug|x64.Build.0 = Debug|x64
		{5504602A-B735-4863-A846-DFB3FC9F5D9D}.Debug|x86.ActiveCfg = Debug|Win32
		{5504602A-B735-4863-A846-DFB3FC9F5D9D}.Debug|x86.Build.0 = Debug|Win32
		{5504602A-B735-4863-A846-DFB3FC9F5D9D}.Release|x64.ActiveCfg = Release|x64
		{5504602A-B735-4863-A846-DFB3FC9F5D9D}.Release|x64.Build.0 = Release|x64
		{5504602A-B735-4863-A846-DFB3FC9F5D9D}.Release|x86.ActiveCfg = Release|Win32
		{5504602A-B735-4863-A846-DFB3FC9F5D9D}.Release|x86.Build.0 = Release|Win32
	EndGlobalSection
	GlobalSection(SolutionProperties) = preSolution
		HideSolutionNode = FALSE
	EndGlobalSection
	GlobalSection(ExtensibilityGlobals) = postSolution
		SolutionGuid = {C81293CB-2B22-4B72-822B-4B52FCC89662}
	EndGlobalSection
EndGlobal
